
Microsoft Visual Studio Solution File, Format Version 12.00
# Visual Studio Version 17
VisualStudioVersion = 17.3.32901.215
MinimumVisualStudioVersion = 10.0.40219.1
Project("{FAE04EC0-301F-11D3-BF4B-00C04F79EFBC}") = "Comp1004 Web Application", "Comp1004 Web Application.csproj", "{8F6F52C2-867D-40CC-BA9B-BB96F018E735}"
EndProject
Global
	GlobalSection(SolutionConfigurationPlatforms) = preSolution
		Debug|Any CPU = Debug|Any CPU
		Release|Any CPU = Release|Any CPU
	EndGlobalSection
	GlobalSection(ProjectConfigurationPlatforms) = postSolution
		{8F6F52C2-867D-40CC-BA9B-BB96F018E735}.Debug|Any CPU.ActiveCfg = Debug|Any CPU
		{8F6F52C2-867D-40CC-BA9B-BB96F018E735}.Debug|Any CPU.Build.0 = Debug|Any CPU
		{8F6F52C2-867D-40CC-BA9B-BB96F018E735}.Release|Any CPU.ActiveCfg = Release|Any CPU
		{8F6F52C2-867D-40CC-BA9B-BB96F018E735}.Release|Any CPU.Build.0 = Release|Any CPU
	EndGlobalSection
	GlobalSection(SolutionProperties) = preSolution
		HideSolutionNode = FALSE
	EndGlobalSection
	GlobalSection(ExtensibilityGlobals) = postSolution
		SolutionGuid = {1F954517-C978-4BC5-A8FD-8A7E9A2EA916}
	EndGlobalSection
EndGlobal
